
Microsoft Visual Studio Solution File, Format Version 12.00
# Visual Studio 15
VisualStudioVersion = 15.0.28307.1169
MinimumVisualStudioVersion = 10.0.40219.1
Project("{FAE04EC0-301F-11D3-BF4B-00C04F79EFBC}") = "StoreFrontLab", "StoreFrontLab\StoreFrontLab.csproj", "{74FA1AAF-06C9-4246-B10F-8704F9FB28A6}"
EndProject
Global
	GlobalSection(SolutionConfigurationPlatforms) = preSolution
		Debug|Any CPU = Debug|Any CPU
		Release|Any CPU = Release|Any CPU
	EndGlobalSection
	GlobalSection(ProjectConfigurationPlatforms) = postSolution
		{74FA1AAF-06C9-4246-B10F-8704F9FB28A6}.Debug|Any CPU.ActiveCfg = Debug|Any CPU
		{74FA1AAF-06C9-4246-B10F-8704F9FB28A6}.Debug|Any CPU.Build.0 = Debug|Any CPU
		{74FA1AAF-06C9-4246-B10F-8704F9FB28A6}.Release|Any CPU.ActiveCfg = Release|Any CPU
		{74FA1AAF-06C9-4246-B10F-8704F9FB28A6}.Release|Any CPU.Build.0 = Release|Any CPU
	EndGlobalSection
	GlobalSection(SolutionProperties) = preSolution
		HideSolutionNode = FALSE
	EndGlobalSection
	GlobalSection(ExtensibilityGlobals) = postSolution
		SolutionGuid = {31231D61-F46A-42FD-AE2A-4CA4CE4A4883}
	EndGlobalSection
EndGlobal
